{
  "name": "node",
  "lockfileVersion": 2,
  "requires": true,
  "packages": {
    "": {
      "dependencies": {
        "@hazae41/foras": "file:../.."
      }
    },
    "../..": {
      "name": "@hazae41/foras",
      "version": "2.0.3",
      "license": "Unlicense",
      "dependencies": {
        "tslib": "^2.4.0"
      },
      "devDependencies": {
        "@hazae41/phobos": "^1.0.7",
        "@rollup/plugin-commonjs": "^24.0.0",
        "@rollup/plugin-node-resolve": "^15.0.1",
        "@rollup/plugin-typescript": "^10.0.1",
        "@types/node": "^18.11.18",
        "rimraf": "^3.0.2",
        "rollup": "^3.9.1",
        "rollup-plugin-dts": "^5.1.0",
        "rollup-plugin-node-externals": "^5.0.3",
        "ts-node": "^10.9.1",
        "ttypescript": "^1.5.15",
        "typescript": "^4.9.4",
        "typescript-transform-paths": "^3.4.4"
      }
    },
    "../../node_modules/@babel/code-frame": {
      "version": "7.18.6",
      "dev": true,
      "license": "MIT",
      "optional": true,
      "dependencies": {
        "@babel/highlight": "^7.18.6"
      },
      "engines": {
        "node": ">=6.9.0"
      }
    },
    "../../node_modules/@babel/helper-validator-identifier": {
      "version": "7.19.1",
      "dev": true,
      "license": "MIT",
      "optional": true,
      "engines": {
        "node": ">=6.9.0"
      }
    },
    "../../node_modules/@babel/highlight": {
      "version": "7.18.6",
      "dev": true,
      "license": "MIT",
      "optional": true,
      "dependencies": {
        "@babel/helper-validator-identifier": "^7.18.6",
        "chalk": "^2.0.0",
        "js-tokens": "^4.0.0"
      },
      "engines": {
        "node": ">=6.9.0"
      }
    },
    "../../node_modules/@cspotcode/source-map-support": {
      "version": "0.8.1",
      "dev": true,
      "license": "MIT",
      "dependencies": {
        "@jridgewell/trace-mapping": "0.3.9"
      },
      "engines": {
        "node": ">=12"
      }
    },
    "../../node_modules/@hazae41/phobos": {
      "version": "1.0.7",
      "dev": true,
      "license": "MIT",
      "dependencies": {
        "tslib": "^2.4.1"
      }
    },
    "../../node_modules/@jridgewell/resolve-uri": {
      "version": "3.1.0",
      "dev": true,
      "license": "MIT",
      "engines": {
        "node": ">=6.0.0"
      }
    },
    "../../node_modules/@jridgewell/sourcemap-codec": {
      "version": "1.4.14",
      "dev": true,
      "license": "MIT"
    },
    "../../node_modules/@jridgewell/trace-mapping": {
      "version": "0.3.9",
      "dev": true,
      "license": "MIT",
      "dependencies": {
        "@jridgewell/resolve-uri": "^3.0.3",
        "@jridgewell/sourcemap-codec": "^1.4.10"
      }
    },
    "../../node_modules/@rollup/plugin-commonjs": {
      "version": "24.0.0",
      "dev": true,
      "license": "MIT",
      "dependencies": {
        "@rollup/pluginutils": "^5.0.1",
        "commondir": "^1.0.1",
        "estree-walker": "^2.0.2",
        "glob": "^8.0.3",
        "is-reference": "1.2.1",
        "magic-string": "^0.27.0"
      },
      "engines": {
        "node": ">=14.0.0"
      },
      "peerDependencies": {
        "rollup": "^2.68.0||^3.0.0"
      },
      "peerDependenciesMeta": {
        "rollup": {
          "optional": true
        }
      }
    },
    "../../node_modules/@rollup/plugin-commonjs/node_modules/magic-string": {
      "version": "0.27.0",
      "dev": true,
      "license": "MIT",
      "dependencies": {
        "@jridgewell/sourcemap-codec": "^1.4.13"
      },
      "engines": {
        "node": ">=12"
      }
    },
    "../../node_modules/@rollup/plugin-node-resolve": {
      "version": "15.0.1",
      "dev": true,
      "license": "MIT",
      "dependencies": {
        "@rollup/pluginutils": "^5.0.1",
        "@types/resolve": "1.20.2",
        "deepmerge": "^4.2.2",
        "is-builtin-module": "^3.2.0",
        "is-module": "^1.0.0",
        "resolve": "^1.22.1"
      },
      "engines": {
        "node": ">=14.0.0"
      },
      "peerDependencies": {
        "rollup": "^2.78.0||^3.0.0"
      },
      "peerDependenciesMeta": {
        "rollup": {
          "optional": true
        }
      }
    },
    "../../node_modules/@rollup/plugin-typescript": {
      "version": "10.0.1",
      "dev": true,
      "license": "MIT",
      "dependencies": {
        "@rollup/pluginutils": "^5.0.1",
        "resolve": "^1.22.1"
      },
      "engines": {
        "node": ">=14.0.0"
      },
      "peerDependencies": {
        "rollup": "^2.14.0||^3.0.0",
        "tslib": "*",
        "typescript": ">=3.7.0"
      },
      "peerDependenciesMeta": {
        "rollup": {
          "optional": true
        },
        "tslib": {
          "optional": true
        }
      }
    },
    "../../node_modules/@rollup/pluginutils": {
      "version": "5.0.1",
      "dev": true,
      "license": "MIT",
      "dependencies": {
        "@types/estree": "^1.0.0",
        "estree-walker": "^2.0.2",
        "picomatch": "^2.3.1"
      },
      "engines": {
        "node": ">=14.0.0"
      },
      "peerDependencies": {
        "rollup": "^1.20.0||^2.0.0||^3.0.0"
      },
      "peerDependenciesMeta": {
        "rollup": {
          "optional": true
        }
      }
    },
    "../../node_modules/@tsconfig/node10": {
      "version": "1.0.9",
      "dev": true,
      "license": "MIT"
    },
    "../../node_modules/@tsconfig/node12": {
      "version": "1.0.11",
      "dev": true,
      "license": "MIT"
    },
    "../../node_modules/@tsconfig/node14": {
      "version": "1.0.3",
      "dev": true,
      "license": "MIT"
    },
    "../../node_modules/@tsconfig/node16": {
      "version": "1.0.3",
      "dev": true,
      "license": "MIT"
    },
    "../../node_modules/@types/estree": {
      "version": "1.0.0",
      "dev": true,
      "license": "MIT"
    },
    "../../node_modules/@types/node": {
      "version": "18.11.18",
      "dev": true,
      "license": "MIT"
    },
    "../../node_modules/@types/resolve": {
      "version": "1.20.2",
      "dev": true,
      "license": "MIT"
    },
    "../../node_modules/acorn": {
      "version": "8.8.0",
      "dev": true,
      "license": "MIT",
      "bin": {
        "acorn": "bin/acorn"
      },
      "engines": {
        "node": ">=0.4.0"
      }
    },
    "../../node_modules/acorn-walk": {
      "version": "8.2.0",
      "dev": true,
      "license": "MIT",
      "engines": {
        "node": ">=0.4.0"
      }
    },
    "../../node_modules/ansi-styles": {
      "version": "3.2.1",
      "dev": true,
      "license": "MIT",
      "optional": true,
      "dependencies": {
        "color-convert": "^1.9.0"
      },
      "engines": {
        "node": ">=4"
      }
    },
    "../../node_modules/arg": {
      "version": "4.1.3",
      "dev": true,
      "license": "MIT"
    },
    "../../node_modules/balanced-match": {
      "version": "1.0.2",
      "dev": true,
      "license": "MIT"
    },
    "../../node_modules/brace-expansion": {
      "version": "2.0.1",
      "dev": true,
      "license": "MIT",
      "dependencies": {
        "balanced-match": "^1.0.0"
      }
    },
    "../../node_modules/builtin-modules": {
      "version": "3.3.0",
      "dev": true,
      "license": "MIT",
      "engines": {
        "node": ">=6"
      },
      "funding": {
        "url": "https://github.com/sponsors/sindresorhus"
      }
    },
    "../../node_modules/chalk": {
      "version": "2.4.2",
      "dev": true,
      "license": "MIT",
      "optional": true,
      "dependencies": {
        "ansi-styles": "^3.2.1",
        "escape-string-regexp": "^1.0.5",
        "supports-color": "^5.3.0"
      },
      "engines": {
        "node": ">=4"
      }
    },
    "../../node_modules/color-convert": {
      "version": "1.9.3",
      "dev": true,
      "license": "MIT",
      "optional": true,
      "dependencies": {
        "color-name": "1.1.3"
      }
    },
    "../../node_modules/color-name": {
      "version": "1.1.3",
      "dev": true,
      "license": "MIT",
      "optional": true
    },
    "../../node_modules/commondir": {
      "version": "1.0.1",
      "dev": true,
      "license": "MIT"
    },
    "../../node_modules/concat-map": {
      "version": "0.0.1",
      "dev": true,
      "license": "MIT"
    },
    "../../node_modules/create-require": {
      "version": "1.1.1",
      "dev": true,
      "license": "MIT"
    },
    "../../node_modules/deepmerge": {
      "version": "4.2.2",
      "dev": true,
      "license": "MIT",
      "engines": {
        "node": ">=0.10.0"
      }
    },
    "../../node_modules/diff": {
      "version": "4.0.2",
      "dev": true,
      "license": "BSD-3-Clause",
      "engines": {
        "node": ">=0.3.1"
      }
    },
    "../../node_modules/escape-string-regexp": {
      "version": "1.0.5",
      "dev": true,
      "license": "MIT",
      "optional": true,
      "engines": {
        "node": ">=0.8.0"
      }
    },
    "../../node_modules/estree-walker": {
      "version": "2.0.2",
      "dev": true,
      "license": "MIT"
    },
    "../../node_modules/fs.realpath": {
      "version": "1.0.0",
      "dev": true,
      "license": "ISC"
    },
    "../../node_modules/fsevents": {
      "version": "2.3.2",
      "dev": true,
      "license": "MIT",
      "optional": true,
      "os": [
        "darwin"
      ],
      "engines": {
        "node": "^8.16.0 || ^10.6.0 || >=11.0.0"
      }
    },
    "../../node_modules/function-bind": {
      "version": "1.1.1",
      "dev": true,
      "license": "MIT"
    },
    "../../node_modules/glob": {
      "version": "8.0.3",
      "dev": true,
      "license": "ISC",
      "dependencies": {
        "fs.realpath": "^1.0.0",
        "inflight": "^1.0.4",
        "inherits": "2",
        "minimatch": "^5.0.1",
        "once": "^1.3.0"
      },
      "engines": {
        "node": ">=12"
      },
      "funding": {
        "url": "https://github.com/sponsors/isaacs"
      }
    },
    "../../node_modules/has": {
      "version": "1.0.3",
      "dev": true,
      "license": "MIT",
      "dependencies": {
        "function-bind": "^1.1.1"
      },
      "engines": {
        "node": ">= 0.4.0"
      }
    },
    "../../node_modules/has-flag": {
      "version": "3.0.0",
      "dev": true,
      "license": "MIT",
      "optional": true,
      "engines": {
        "node": ">=4"
      }
    },
    "../../node_modules/inflight": {
      "version": "1.0.6",
      "dev": true,
      "license": "ISC",
      "dependencies": {
        "once": "^1.3.0",
        "wrappy": "1"
      }
    },
    "../../node_modules/inherits": {
      "version": "2.0.4",
      "dev": true,
      "license": "ISC"
    },
    "../../node_modules/is-builtin-module": {
      "version": "3.2.0",
      "dev": true,
      "license": "MIT",
      "dependencies": {
        "builtin-modules": "^3.3.0"
      },
      "engines": {
        "node": ">=6"
      },
      "funding": {
        "url": "https://github.com/sponsors/sindresorhus"
      }
    },
    "../../node_modules/is-core-module": {
      "version": "2.11.0",
      "dev": true,
      "license": "MIT",
      "dependencies": {
        "has": "^1.0.3"
      },
      "funding": {
        "url": "https://github.com/sponsors/ljharb"
      }
    },
    "../../node_modules/is-module": {
      "version": "1.0.0",
      "dev": true,
      "license": "MIT"
    },
    "../../node_modules/is-reference": {
      "version": "1.2.1",
      "dev": true,
      "license": "MIT",
      "dependencies": {
        "@types/estree": "*"
      }
    },
    "../../node_modules/js-tokens": {
      "version": "4.0.0",
      "dev": true,
      "license": "MIT",
      "optional": true
    },
    "../../node_modules/magic-string": {
      "version": "0.26.7",
      "dev": true,
      "license": "MIT",
      "dependencies": {
        "sourcemap-codec": "^1.4.8"
      },
      "engines": {
        "node": ">=12"
      }
    },
    "../../node_modules/make-error": {
      "version": "1.3.6",
      "dev": true,
      "license": "ISC"
    },
    "../../node_modules/minimatch": {
      "version": "5.1.0",
      "dev": true,
      "license": "ISC",
      "dependencies": {
        "brace-expansion": "^2.0.1"
      },
      "engines": {
        "node": ">=10"
      }
    },
    "../../node_modules/once": {
      "version": "1.4.0",
      "dev": true,
      "license": "ISC",
      "dependencies": {
        "wrappy": "1"
      }
    },
    "../../node_modules/path-is-absolute": {
      "version": "1.0.1",
      "dev": true,
      "license": "MIT",
      "engines": {
        "node": ">=0.10.0"
      }
    },
    "../../node_modules/path-parse": {
      "version": "1.0.7",
      "dev": true,
      "license": "MIT"
    },
    "../../node_modules/picomatch": {
      "version": "2.3.1",
      "dev": true,
      "license": "MIT",
      "engines": {
        "node": ">=8.6"
      },
      "funding": {
        "url": "https://github.com/sponsors/jonschlinkert"
      }
    },
    "../../node_modules/resolve": {
      "version": "1.22.1",
      "dev": true,
      "license": "MIT",
      "dependencies": {
        "is-core-module": "^2.9.0",
        "path-parse": "^1.0.7",
        "supports-preserve-symlinks-flag": "^1.0.0"
      },
      "bin": {
        "resolve": "bin/resolve"
      },
      "funding": {
        "url": "https://github.com/sponsors/ljharb"
      }
    },
    "../../node_modules/rimraf": {
      "version": "3.0.2",
      "dev": true,
      "license": "ISC",
      "dependencies": {
        "glob": "^7.1.3"
      },
      "bin": {
        "rimraf": "bin.js"
      },
      "funding": {
        "url": "https://github.com/sponsors/isaacs"
      }
    },
    "../../node_modules/rimraf/node_modules/brace-expansion": {
      "version": "1.1.11",
      "dev": true,
      "license": "MIT",
      "dependencies": {
        "balanced-match": "^1.0.0",
        "concat-map": "0.0.1"
      }
    },
    "../../node_modules/rimraf/node_modules/glob": {
      "version": "7.2.3",
      "dev": true,
      "license": "ISC",
      "dependencies": {
        "fs.realpath": "^1.0.0",
        "inflight": "^1.0.4",
        "inherits": "2",
        "minimatch": "^3.1.1",
        "once": "^1.3.0",
        "path-is-absolute": "^1.0.0"
      },
      "engines": {
        "node": "*"
      },
      "funding": {
        "url": "https://github.com/sponsors/isaacs"
      }
    },
    "../../node_modules/rimraf/node_modules/minimatch": {
      "version": "3.1.2",
      "dev": true,
      "license": "ISC",
      "dependencies": {
        "brace-expansion": "^1.1.7"
      },
      "engines": {
        "node": "*"
      }
    },
    "../../node_modules/rollup": {
      "version": "3.9.1",
      "dev": true,
      "license": "MIT",
      "bin": {
        "rollup": "dist/bin/rollup"
      },
      "engines": {
        "node": ">=14.18.0",
        "npm": ">=8.0.0"
      },
      "optionalDependencies": {
        "fsevents": "~2.3.2"
      }
    },
    "../../node_modules/rollup-plugin-dts": {
      "version": "5.1.0",
      "dev": true,
      "license": "LGPL-3.0",
      "dependencies": {
        "magic-string": "^0.26.7"
      },
      "engines": {
        "node": ">=v14"
      },
      "funding": {
        "url": "https://github.com/sponsors/Swatinem"
      },
      "optionalDependencies": {
        "@babel/code-frame": "^7.18.6"
      },
      "peerDependencies": {
        "rollup": "^3.0.0",
        "typescript": "^4.1"
      }
    },
    "../../node_modules/rollup-plugin-node-externals": {
      "version": "5.0.3",
      "dev": true,
      "license": "MIT",
      "engines": {
        "node": ">=14.0.0"
      },
      "peerDependencies": {
        "rollup": "^2.60.0 || ^3.0.0"
      }
    },
    "../../node_modules/sourcemap-codec": {
      "version": "1.4.8",
      "dev": true,
      "license": "MIT"
    },
    "../../node_modules/supports-color": {
      "version": "5.5.0",
      "dev": true,
      "license": "MIT",
      "optional": true,
      "dependencies": {
        "has-flag": "^3.0.0"
      },
      "engines": {
        "node": ">=4"
      }
    },
    "../../node_modules/supports-preserve-symlinks-flag": {
      "version": "1.0.0",
      "dev": true,
      "license": "MIT",
      "engines": {
        "node": ">= 0.4"
      },
      "funding": {
        "url": "https://github.com/sponsors/ljharb"
      }
    },
    "../../node_modules/ts-node": {
      "version": "10.9.1",
      "dev": true,
      "license": "MIT",
      "dependencies": {
        "@cspotcode/source-map-support": "^0.8.0",
        "@tsconfig/node10": "^1.0.7",
        "@tsconfig/node12": "^1.0.7",
        "@tsconfig/node14": "^1.0.0",
        "@tsconfig/node16": "^1.0.2",
        "acorn": "^8.4.1",
        "acorn-walk": "^8.1.1",
        "arg": "^4.1.0",
        "create-require": "^1.1.0",
        "diff": "^4.0.1",
        "make-error": "^1.1.1",
        "v8-compile-cache-lib": "^3.0.1",
        "yn": "3.1.1"
      },
      "bin": {
        "ts-node": "dist/bin.js",
        "ts-node-cwd": "dist/bin-cwd.js",
        "ts-node-esm": "dist/bin-esm.js",
        "ts-node-script": "dist/bin-script.js",
        "ts-node-transpile-only": "dist/bin-transpile.js",
        "ts-script": "dist/bin-script-deprecated.js"
      },
      "peerDependencies": {
        "@swc/core": ">=1.2.50",
        "@swc/wasm": ">=1.2.50",
        "@types/node": "*",
        "typescript": ">=2.7"
      },
      "peerDependenciesMeta": {
        "@swc/core": {
          "optional": true
        },
        "@swc/wasm": {
          "optional": true
        }
      }
    },
    "../../node_modules/tslib": {
      "version": "2.4.1",
      "license": "0BSD"
    },
    "../../node_modules/ttypescript": {
      "version": "1.5.15",
      "dev": true,
      "license": "MIT",
      "dependencies": {
        "resolve": ">=1.9.0"
      },
      "bin": {
        "ttsc": "bin/tsc",
        "ttsserver": "bin/tsserver"
      },
      "peerDependencies": {
        "ts-node": ">=8.0.2",
        "typescript": ">=3.2.2"
      }
    },
    "../../node_modules/typescript": {
      "version": "4.9.4",
      "dev": true,
      "license": "Apache-2.0",
      "bin": {
        "tsc": "bin/tsc",
        "tsserver": "bin/tsserver"
      },
      "engines": {
        "node": ">=4.2.0"
      }
    },
    "../../node_modules/typescript-transform-paths": {
      "version": "3.4.4",
      "dev": true,
      "license": "MIT",
      "dependencies": {
        "minimatch": "^3.0.4"
      },
      "peerDependencies": {
        "typescript": ">=3.6.5"
      }
    },
    "../../node_modules/typescript-transform-paths/node_modules/brace-expansion": {
      "version": "1.1.11",
      "dev": true,
      "license": "MIT",
      "dependencies": {
        "balanced-match": "^1.0.0",
        "concat-map": "0.0.1"
      }
    },
    "../../node_modules/typescript-transform-paths/node_modules/minimatch": {
      "version": "3.1.2",
      "dev": true,
      "license": "ISC",
      "dependencies": {
        "brace-expansion": "^1.1.7"
      },
      "engines": {
        "node": "*"
      }
    },
    "../../node_modules/v8-compile-cache-lib": {
      "version": "3.0.1",
      "dev": true,
      "license": "MIT"
    },
    "../../node_modules/wrappy": {
      "version": "1.0.2",
      "dev": true,
      "license": "ISC"
    },
    "../../node_modules/yn": {
      "version": "3.1.1",
      "dev": true,
      "license": "MIT",
      "engines": {
        "node": ">=6"
      }
    },
    "node_modules/@hazae41/foras": {
      "resolved": "../..",
      "link": true
    }
  },
  "dependencies": {
    "@hazae41/foras": {
      "version": "file:../..",
      "requires": {
        "@hazae41/phobos": "^1.0.7",
        "@rollup/plugin-commonjs": "^24.0.0",
        "@rollup/plugin-node-resolve": "^15.0.1",
        "@rollup/plugin-typescript": "^10.0.1",
        "@types/node": "^18.11.18",
        "rimraf": "^3.0.2",
        "rollup": "^3.9.1",
        "rollup-plugin-dts": "^5.1.0",
        "rollup-plugin-node-externals": "^5.0.3",
        "ts-node": "^10.9.1",
        "tslib": "^2.4.0",
        "ttypescript": "^1.5.15",
        "typescript": "^4.9.4",
        "typescript-transform-paths": "^3.4.4"
      },
      "dependencies": {
        "@babel/code-frame": {
          "version": "7.18.6",
          "dev": true,
          "optional": true,
          "requires": {
            "@babel/highlight": "^7.18.6"
          }
        },
        "@babel/helper-validator-identifier": {
          "version": "7.19.1",
          "dev": true,
          "optional": true
        },
        "@babel/highlight": {
          "version": "7.18.6",
          "dev": true,
          "optional": true,
          "requires": {
            "@babel/helper-validator-identifier": "^7.18.6",
            "chalk": "^2.0.0",
            "js-tokens": "^4.0.0"
          }
        },
        "@cspotcode/source-map-support": {
          "version": "0.8.1",
          "dev": true,
          "requires": {
            "@jridgewell/trace-mapping": "0.3.9"
          }
        },
        "@hazae41/phobos": {
          "version": "1.0.7",
          "dev": true,
          "requires": {
            "tslib": "^2.4.1"
          }
        },
        "@jridgewell/resolve-uri": {
          "version": "3.1.0",
          "dev": true
        },
        "@jridgewell/sourcemap-codec": {
          "version": "1.4.14",
          "dev": true
        },
        "@jridgewell/trace-mapping": {
          "version": "0.3.9",
          "dev": true,
          "requires": {
            "@jridgewell/resolve-uri": "^3.0.3",
            "@jridgewell/sourcemap-codec": "^1.4.10"
          }
        },
        "@rollup/plugin-commonjs": {
          "version": "24.0.0",
          "dev": true,
          "requires": {
            "@rollup/pluginutils": "^5.0.1",
            "commondir": "^1.0.1",
            "estree-walker": "^2.0.2",
            "glob": "^8.0.3",
            "is-reference": "1.2.1",
            "magic-string": "^0.27.0"
          },
          "dependencies": {
            "magic-string": {
              "version": "0.27.0",
              "dev": true,
              "requires": {
                "@jridgewell/sourcemap-codec": "^1.4.13"
              }
            }
          }
        },
        "@rollup/plugin-node-resolve": {
          "version": "15.0.1",
          "dev": true,
          "requires": {
            "@rollup/pluginutils": "^5.0.1",
            "@types/resolve": "1.20.2",
            "deepmerge": "^4.2.2",
            "is-builtin-module": "^3.2.0",
            "is-module": "^1.0.0",
            "resolve": "^1.22.1"
          }
        },
        "@rollup/plugin-typescript": {
          "version": "10.0.1",
          "dev": true,
          "requires": {
            "@rollup/pluginutils": "^5.0.1",
            "resolve": "^1.22.1"
          }
        },
        "@rollup/pluginutils": {
          "version": "5.0.1",
          "dev": true,
          "requires": {
            "@types/estree": "^1.0.0",
            "estree-walker": "^2.0.2",
            "picomatch": "^2.3.1"
          }
        },
        "@tsconfig/node10": {
          "version": "1.0.9",
          "dev": true
        },
        "@tsconfig/node12": {
          "version": "1.0.11",
          "dev": true
        },
        "@tsconfig/node14": {
          "version": "1.0.3",
          "dev": true
        },
        "@tsconfig/node16": {
          "version": "1.0.3",
          "dev": true
        },
        "@types/estree": {
          "version": "1.0.0",
          "dev": true
        },
        "@types/node": {
          "version": "18.11.18",
          "dev": true
        },
        "@types/resolve": {
          "version": "1.20.2",
          "dev": true
        },
        "acorn": {
          "version": "8.8.0",
          "dev": true
        },
        "acorn-walk": {
          "version": "8.2.0",
          "dev": true
        },
        "ansi-styles": {
          "version": "3.2.1",
          "dev": true,
          "optional": true,
          "requires": {
            "color-convert": "^1.9.0"
          }
        },
        "arg": {
          "version": "4.1.3",
          "dev": true
        },
        "balanced-match": {
          "version": "1.0.2",
          "dev": true
        },
        "brace-expansion": {
          "version": "2.0.1",
          "dev": true,
          "requires": {
            "balanced-match": "^1.0.0"
          }
        },
        "builtin-modules": {
          "version": "3.3.0",
          "dev": true
        },
        "chalk": {
          "version": "2.4.2",
          "dev": true,
          "optional": true,
          "requires": {
            "ansi-styles": "^3.2.1",
            "escape-string-regexp": "^1.0.5",
            "supports-color": "^5.3.0"
          }
        },
        "color-convert": {
          "version": "1.9.3",
          "dev": true,
          "optional": true,
          "requires": {
            "color-name": "1.1.3"
          }
        },
        "color-name": {
          "version": "1.1.3",
          "dev": true,
          "optional": true
        },
        "commondir": {
          "version": "1.0.1",
          "dev": true
        },
        "concat-map": {
          "version": "0.0.1",
          "dev": true
        },
        "create-require": {
          "version": "1.1.1",
          "dev": true
        },
        "deepmerge": {
          "version": "4.2.2",
          "dev": true
        },
        "diff": {
          "version": "4.0.2",
          "dev": true
        },
        "escape-string-regexp": {
          "version": "1.0.5",
          "dev": true,
          "optional": true
        },
        "estree-walker": {
          "version": "2.0.2",
          "dev": true
        },
        "fs.realpath": {
          "version": "1.0.0",
          "dev": true
        },
        "fsevents": {
          "version": "2.3.2",
          "dev": true,
          "optional": true
        },
        "function-bind": {
          "version": "1.1.1",
          "dev": true
        },
        "glob": {
          "version": "8.0.3",
          "dev": true,
          "requires": {
            "fs.realpath": "^1.0.0",
            "inflight": "^1.0.4",
            "inherits": "2",
            "minimatch": "^5.0.1",
            "once": "^1.3.0"
          }
        },
        "has": {
          "version": "1.0.3",
          "dev": true,
          "requires": {
            "function-bind": "^1.1.1"
          }
        },
        "has-flag": {
          "version": "3.0.0",
          "dev": true,
          "optional": true
        },
        "inflight": {
          "version": "1.0.6",
          "dev": true,
          "requires": {
            "once": "^1.3.0",
            "wrappy": "1"
          }
        },
        "inherits": {
          "version": "2.0.4",
          "dev": true
        },
        "is-builtin-module": {
          "version": "3.2.0",
          "dev": true,
          "requires": {
            "builtin-modules": "^3.3.0"
          }
        },
        "is-core-module": {
          "version": "2.11.0",
          "dev": true,
          "requires": {
            "has": "^1.0.3"
          }
        },
        "is-module": {
          "version": "1.0.0",
          "dev": true
        },
        "is-reference": {
          "version": "1.2.1",
          "dev": true,
          "requires": {
            "@types/estree": "*"
          }
        },
        "js-tokens": {
          "version": "4.0.0",
          "dev": true,
          "optional": true
        },
        "magic-string": {
          "version": "0.26.7",
          "dev": true,
          "requires": {
            "sourcemap-codec": "^1.4.8"
          }
        },
        "make-error": {
          "version": "1.3.6",
          "dev": true
        },
        "minimatch": {
          "version": "5.1.0",
          "dev": true,
          "requires": {
            "brace-expansion": "^2.0.1"
          }
        },
        "once": {
          "version": "1.4.0",
          "dev": true,
          "requires": {
            "wrappy": "1"
          }
        },
        "path-is-absolute": {
          "version": "1.0.1",
          "dev": true
        },
        "path-parse": {
          "version": "1.0.7",
          "dev": true
        },
        "picomatch": {
          "version": "2.3.1",
          "dev": true
        },
        "resolve": {
          "version": "1.22.1",
          "dev": true,
          "requires": {
            "is-core-module": "^2.9.0",
            "path-parse": "^1.0.7",
            "supports-preserve-symlinks-flag": "^1.0.0"
          }
        },
        "rimraf": {
          "version": "3.0.2",
          "dev": true,
          "requires": {
            "glob": "^7.1.3"
          },
          "dependencies": {
            "brace-expansion": {
              "version": "1.1.11",
              "dev": true,
              "requires": {
                "balanced-match": "^1.0.0",
                "concat-map": "0.0.1"
              }
            },
            "glob": {
              "version": "7.2.3",
              "dev": true,
              "requires": {
                "fs.realpath": "^1.0.0",
                "inflight": "^1.0.4",
                "inherits": "2",
                "minimatch": "^3.1.1",
                "once": "^1.3.0",
                "path-is-absolute": "^1.0.0"
              }
            },
            "minimatch": {
              "version": "3.1.2",
              "dev": true,
              "requires": {
                "brace-expansion": "^1.1.7"
              }
            }
          }
        },
        "rollup": {
          "version": "3.9.1",
          "dev": true,
          "requires": {
            "fsevents": "~2.3.2"
          }
        },
        "rollup-plugin-dts": {
          "version": "5.1.0",
          "dev": true,
          "requires": {
            "@babel/code-frame": "^7.18.6",
            "magic-string": "^0.26.7"
          }
        },
        "rollup-plugin-node-externals": {
          "version": "5.0.3",
          "dev": true,
          "requires": {}
        },
        "sourcemap-codec": {
          "version": "1.4.8",
          "dev": true
        },
        "supports-color": {
          "version": "5.5.0",
          "dev": true,
          "optional": true,
          "requires": {
            "has-flag": "^3.0.0"
          }
        },
        "supports-preserve-symlinks-flag": {
          "version": "1.0.0",
          "dev": true
        },
        "ts-node": {
          "version": "10.9.1",
          "dev": true,
          "requires": {
            "@cspotcode/source-map-support": "^0.8.0",
            "@tsconfig/node10": "^1.0.7",
            "@tsconfig/node12": "^1.0.7",
            "@tsconfig/node14": "^1.0.0",
            "@tsconfig/node16": "^1.0.2",
            "acorn": "^8.4.1",
            "acorn-walk": "^8.1.1",
            "arg": "^4.1.0",
            "create-require": "^1.1.0",
            "diff": "^4.0.1",
            "make-error": "^1.1.1",
            "v8-compile-cache-lib": "^3.0.1",
            "yn": "3.1.1"
          }
        },
        "tslib": {
          "version": "2.4.1"
        },
        "ttypescript": {
          "version": "1.5.15",
          "dev": true,
          "requires": {
            "resolve": ">=1.9.0"
          }
        },
        "typescript": {
          "version": "4.9.4",
          "dev": true
        },
        "typescript-transform-paths": {
          "version": "3.4.4",
          "dev": true,
          "requires": {
            "minimatch": "^3.0.4"
          },
          "dependencies": {
            "brace-expansion": {
              "version": "1.1.11",
              "dev": true,
              "requires": {
                "balanced-match": "^1.0.0",
                "concat-map": "0.0.1"
              }
            },
            "minimatch": {
              "version": "3.1.2",
              "dev": true,
              "requires": {
                "brace-expansion": "^1.1.7"
              }
            }
          }
        },
        "v8-compile-cache-lib": {
          "version": "3.0.1",
          "dev": true
        },
        "wrappy": {
          "version": "1.0.2",
          "dev": true
        },
        "yn": {
          "version": "3.1.1",
          "dev": true
        }
      }
    }
  }
}
